
Microsoft Visual Studio Solution File, Format Version 12.00
Project("{FAE04EC0-301F-11D3-BF4B-00C04F79EFBC}") = "YaksRPG.Domain", "src\YaksRPG.Domain\YaksRPG.Domain.csproj", "{C34DB552-211E-4DB5-B34F-0AEEB2860ECA}"
EndProject
Project("{FAE04EC0-301F-11D3-BF4B-00C04F79EFBC}") = "YaksRPG.Test", "test\YaksRPG.Test\YaksRPG.Test.csproj", "{B9369870-7D35-420E-99D2-CEDBDF763336}"
EndProject
Project("{2150E333-8FDC-42A3-9474-1A3956D46DE8}") = "src", "src", "{42852993-DA20-401B-95D5-1328977D873A}"
EndProject
Project("{2150E333-8FDC-42A3-9474-1A3956D46DE8}") = "test", "test", "{8B80F850-3FA3-4CDC-B542-16A73D1581BD}"
EndProject
Project("{FAE04EC0-301F-11D3-BF4B-00C04F79EFBC}") = "YaksRPG.Infrastructure", "src\YaksRPG.Infrastructure\YaksRPG.Infrastructure.csproj", "{0A549600-67A6-4452-9F5E-EA41EE6DA95C}"
EndProject
Project("{FAE04EC0-301F-11D3-BF4B-00C04F79EFBC}") = "YaksRPG.Web", "src\YaksRPG.Web\YaksRPG.Web.csproj", "{81932AFD-FAB8-467B-92EB-ED279EE3BFD1}"
EndProject
Project("{FAE04EC0-301F-11D3-BF4B-00C04F79EFBC}") = "YaksRPG.Application", "src\YaksRPG.Application\YaksRPG.Application.csproj", "{5CBAA503-DBF1-47AE-AA64-01EABF5630E8}"
EndProject
Global
	GlobalSection(SolutionConfigurationPlatforms) = preSolution
		Debug|Any CPU = Debug|Any CPU
		Release|Any CPU = Release|Any CPU
	EndGlobalSection
	GlobalSection(ProjectConfigurationPlatforms) = postSolution
		{C34DB552-211E-4DB5-B34F-0AEEB2860ECA}.Debug|Any CPU.ActiveCfg = Debug|Any CPU
		{C34DB552-211E-4DB5-B34F-0AEEB2860ECA}.Debug|Any CPU.Build.0 = Debug|Any CPU
		{C34DB552-211E-4DB5-B34F-0AEEB2860ECA}.Release|Any CPU.ActiveCfg = Release|Any CPU
		{C34DB552-211E-4DB5-B34F-0AEEB2860ECA}.Release|Any CPU.Build.0 = Release|Any CPU
		{B9369870-7D35-420E-99D2-CEDBDF763336}.Debug|Any CPU.ActiveCfg = Debug|Any CPU
		{B9369870-7D35-420E-99D2-CEDBDF763336}.Debug|Any CPU.Build.0 = Debug|Any CPU
		{B9369870-7D35-420E-99D2-CEDBDF763336}.Release|Any CPU.ActiveCfg = Release|Any CPU
		{B9369870-7D35-420E-99D2-CEDBDF763336}.Release|Any CPU.Build.0 = Release|Any CPU
		{0A549600-67A6-4452-9F5E-EA41EE6DA95C}.Debug|Any CPU.ActiveCfg = Debug|Any CPU
		{0A549600-67A6-4452-9F5E-EA41EE6DA95C}.Debug|Any CPU.Build.0 = Debug|Any CPU
		{0A549600-67A6-4452-9F5E-EA41EE6DA95C}.Release|Any CPU.ActiveCfg = Release|Any CPU
		{0A549600-67A6-4452-9F5E-EA41EE6DA95C}.Release|Any CPU.Build.0 = Release|Any CPU
		{81932AFD-FAB8-467B-92EB-ED279EE3BFD1}.Debug|Any CPU.ActiveCfg = Debug|Any CPU
		{81932AFD-FAB8-467B-92EB-ED279EE3BFD1}.Debug|Any CPU.Build.0 = Debug|Any CPU
		{81932AFD-FAB8-467B-92EB-ED279EE3BFD1}.Release|Any CPU.ActiveCfg = Release|Any CPU
		{81932AFD-FAB8-467B-92EB-ED279EE3BFD1}.Release|Any CPU.Build.0 = Release|Any CPU
		{5CBAA503-DBF1-47AE-AA64-01EABF5630E8}.Debug|Any CPU.ActiveCfg = Debug|Any CPU
		{5CBAA503-DBF1-47AE-AA64-01EABF5630E8}.Debug|Any CPU.Build.0 = Debug|Any CPU
		{5CBAA503-DBF1-47AE-AA64-01EABF5630E8}.Release|Any CPU.ActiveCfg = Release|Any CPU
		{5CBAA503-DBF1-47AE-AA64-01EABF5630E8}.Release|Any CPU.Build.0 = Release|Any CPU
	EndGlobalSection
	GlobalSection(NestedProjects) = preSolution
		{C34DB552-211E-4DB5-B34F-0AEEB2860ECA} = {42852993-DA20-401B-95D5-1328977D873A}
		{B9369870-7D35-420E-99D2-CEDBDF763336} = {8B80F850-3FA3-4CDC-B542-16A73D1581BD}
		{0A549600-67A6-4452-9F5E-EA41EE6DA95C} = {42852993-DA20-401B-95D5-1328977D873A}
		{81932AFD-FAB8-467B-92EB-ED279EE3BFD1} = {42852993-DA20-401B-95D5-1328977D873A}
		{5CBAA503-DBF1-47AE-AA64-01EABF5630E8} = {42852993-DA20-401B-95D5-1328977D873A}
	EndGlobalSection
EndGlobal
